{
  "name": "js-project",
  "lockfileVersion": 2,
  "requires": true,
  "packages": {
    "": {
      "dependencies": {
        "shopify-buy": "^2.20.1"
      }
    },
    "node_modules/shopify-buy": {
      "version": "2.20.1",
      "resolved": "https://registry.npmjs.org/shopify-buy/-/shopify-buy-2.20.1.tgz",
      "integrity": "sha512-8hIaHQld8V4hKOhYJ+LxXDpt/Y5evYM3EB9v7ZDXap+tbRqyWQq/YjgTqjh1cTM7t3BMWylhxqsFx+NR9YQ9yw=="
    }
  },
  "dependencies": {
    "shopify-buy": {
      "version": "2.20.1",
      "resolved": "https://registry.npmjs.org/shopify-buy/-/shopify-buy-2.20.1.tgz",
      "integrity": "sha512-8hIaHQld8V4hKOhYJ+LxXDpt/Y5evYM3EB9v7ZDXap+tbRqyWQq/YjgTqjh1cTM7t3BMWylhxqsFx+NR9YQ9yw=="
    }
  }
}
